
Microsoft Visual Studio Solution File, Format Version 12.00
# Visual Studio Version 17
VisualStudioVersion = 17.9.34607.119
MinimumVisualStudioVersion = 10.0.40219.1
Project("{FAE04EC0-301F-11D3-BF4B-00C04F79EFBC}") = "WindowsFormsApp3", "WindowsFormsApp3\WindowsFormsApp3.csproj", "{1FFED7CD-029E-4B4C-8695-3BEC52D5CFAE}"
EndProject
Global
	GlobalSection(SolutionConfigurationPlatforms) = preSolution
		Debug|Any CPU = Debug|Any CPU
		Debug|x64 = Debug|x64
		Release|Any CPU = Release|Any CPU
		Release|x64 = Release|x64
	EndGlobalSection
	GlobalSection(ProjectConfigurationPlatforms) = postSolution
		{1FFED7CD-029E-4B4C-8695-3BEC52D5CFAE}.Debug|Any CPU.ActiveCfg = Debug|Any CPU
		{1FFED7CD-029E-4B4C-8695-3BEC52D5CFAE}.Debug|Any CPU.Build.0 = Debug|Any CPU
		{1FFED7CD-029E-4B4C-8695-3BEC52D5CFAE}.Debug|x64.ActiveCfg = Debug|x64
		{1FFED7CD-029E-4B4C-8695-3BEC52D5CFAE}.Debug|x64.Build.0 = Debug|x64
		{1FFED7CD-029E-4B4C-8695-3BEC52D5CFAE}.Release|Any CPU.ActiveCfg = Release|Any CPU
		{1FFED7CD-029E-4B4C-8695-3BEC52D5CFAE}.Release|Any CPU.Build.0 = Release|Any CPU
		{1FFED7CD-029E-4B4C-8695-3BEC52D5CFAE}.Release|x64.ActiveCfg = Release|x64
		{1FFED7CD-029E-4B4C-8695-3BEC52D5CFAE}.Release|x64.Build.0 = Release|x64
	EndGlobalSection
	GlobalSection(SolutionProperties) = preSolution
		HideSolutionNode = FALSE
	EndGlobalSection
	GlobalSection(ExtensibilityGlobals) = postSolution
		SolutionGuid = {A31809D3-23A7-4B71-A0A4-ECB165785973}
	EndGlobalSection
EndGlobal
